
Microsoft Visual Studio Solution File, Format Version 12.00
# Visual Studio 15
VisualStudioVersion = 15.0.28010.2016
MinimumVisualStudioVersion = 10.0.40219.1
Project("{FAE04EC0-301F-11D3-BF4B-00C04F79EFBC}") = "IntoVoid", "IntoVoid\IntoVoid.csproj", "{F4645E1F-3968-4D22-8740-3575ED1B90FB}"
EndProject
Global
	GlobalSection(SolutionConfigurationPlatforms) = preSolution
		Debug|Any CPU = Debug|Any CPU
		Release|Any CPU = Release|Any CPU
	EndGlobalSection
	GlobalSection(ProjectConfigurationPlatforms) = postSolution
		{F4645E1F-3968-4D22-8740-3575ED1B90FB}.Debug|Any CPU.ActiveCfg = Debug|Any CPU
		{F4645E1F-3968-4D22-8740-3575ED1B90FB}.Debug|Any CPU.Build.0 = Debug|Any CPU
		{F4645E1F-3968-4D22-8740-3575ED1B90FB}.Release|Any CPU.ActiveCfg = Release|Any CPU
		{F4645E1F-3968-4D22-8740-3575ED1B90FB}.Release|Any CPU.Build.0 = Release|Any CPU
	EndGlobalSection
	GlobalSection(SolutionProperties) = preSolution
		HideSolutionNode = FALSE
	EndGlobalSection
	GlobalSection(ExtensibilityGlobals) = postSolution
		SolutionGuid = {6A657FFF-7475-4B8D-B40F-9146E0997300}
	EndGlobalSection
EndGlobal
